
Microsoft Visual Studio Solution File, Format Version 12.00
# Visual Studio Version 17
VisualStudioVersion = 17.3.32922.545
MinimumVisualStudioVersion = 10.0.40219.1
Project("{FAE04EC0-301F-11D3-BF4B-00C04F79EFBC}") = "Blockcore.AtomicSwaps.Server", "Blockcore.AtomicSwaps\Server\Blockcore.AtomicSwaps.Server.csproj", "{CFCD0547-AE6C-4AF9-825B-1289635CD380}"
EndProject
Project("{FAE04EC0-301F-11D3-BF4B-00C04F79EFBC}") = "Blockcore.AtomicSwaps.Client", "Blockcore.AtomicSwaps\Client\Blockcore.AtomicSwaps.Client.csproj", "{C9A5B3F1-4348-4402-AD51-7D39B4807B07}"
EndProject
Project("{FAE04EC0-301F-11D3-BF4B-00C04F79EFBC}") = "Blockcore.AtomicSwaps.Shared", "Blockcore.AtomicSwaps\Shared\Blockcore.AtomicSwaps.Shared.csproj", "{0D6F858F-B955-4DFC-B4E4-C08169346BBE}"
EndProject
Global
	GlobalSection(SolutionConfigurationPlatforms) = preSolution
		Debug|Any CPU = Debug|Any CPU
		Release|Any CPU = Release|Any CPU
	EndGlobalSection
	GlobalSection(ProjectConfigurationPlatforms) = postSolution
		{CFCD0547-AE6C-4AF9-825B-1289635CD380}.Debug|Any CPU.ActiveCfg = Debug|Any CPU
		{CFCD0547-AE6C-4AF9-825B-1289635CD380}.Debug|Any CPU.Build.0 = Debug|Any CPU
		{CFCD0547-AE6C-4AF9-825B-1289635CD380}.Release|Any CPU.ActiveCfg = Release|Any CPU
		{CFCD0547-AE6C-4AF9-825B-1289635CD380}.Release|Any CPU.Build.0 = Release|Any CPU
		{C9A5B3F1-4348-4402-AD51-7D39B4807B07}.Debug|Any CPU.ActiveCfg = Debug|Any CPU
		{C9A5B3F1-4348-4402-AD51-7D39B4807B07}.Debug|Any CPU.Build.0 = Debug|Any CPU
		{C9A5B3F1-4348-4402-AD51-7D39B4807B07}.Release|Any CPU.ActiveCfg = Release|Any CPU
		{C9A5B3F1-4348-4402-AD51-7D39B4807B07}.Release|Any CPU.Build.0 = Release|Any CPU
		{0D6F858F-B955-4DFC-B4E4-C08169346BBE}.Debug|Any CPU.ActiveCfg = Debug|Any CPU
		{0D6F858F-B955-4DFC-B4E4-C08169346BBE}.Debug|Any CPU.Build.0 = Debug|Any CPU
		{0D6F858F-B955-4DFC-B4E4-C08169346BBE}.Release|Any CPU.ActiveCfg = Release|Any CPU
		{0D6F858F-B955-4DFC-B4E4-C08169346BBE}.Release|Any CPU.Build.0 = Release|Any CPU
	EndGlobalSection
	GlobalSection(SolutionProperties) = preSolution
		HideSolutionNode = FALSE
	EndGlobalSection
	GlobalSection(ExtensibilityGlobals) = postSolution
		SolutionGuid = {440BB966-5063-47DE-AC47-D1C9F399C6C9}
	EndGlobalSection
EndGlobal
